// !$*UTF8*$!
{
	archiveVersion = 1;
	classes = {
	};
	objectVersion = 56;
	objects = {

/* Begin PBXBuildFile section */
		2354C3BC2A9D43760026392D /* ParkTimesApp.swift in Sources */ = {isa = PBXBuildFile; fileRef = 2354C3BB2A9D43760026392D /* ParkTimesApp.swift */; };
		2354C3BE2A9D43760026392D /* ContentView.swift in Sources */ = {isa = PBXBuildFile; fileRef = 2354C3BD2A9D43760026392D /* ContentView.swift */; };
		2354C3C02A9D43780026392D /* Assets.xcassets in Resources */ = {isa = PBXBuildFile; fileRef = 2354C3BF2A9D43780026392D /* Assets.xcassets */; };
		2354C3C32A9D43780026392D /* Preview Assets.xcassets in Resources */ = {isa = PBXBuildFile; fileRef = 2354C3C22A9D43780026392D /* Preview Assets.xcassets */; };
		C10001022A9D43760026392D /* Models.swift in Sources */ = {isa = PBXBuildFile; fileRef = C10001012A9D43760026392D /* Models.swift */; };
		C10001042A9D43760026392D /* ParkService.swift in Sources */ = {isa = PBXBuildFile; fileRef = C10001032A9D43760026392D /* ParkService.swift */; };
		C10001062A9D43760026392D /* ParkCardView.swift in Sources */ = {isa = PBXBuildFile; fileRef = C10001052A9D43760026392D /* ParkCardView.swift */; };
		C10001082A9D43760026392D /* RidesView.swift in Sources */ = {isa = PBXBuildFile; fileRef = C10001072A9D43760026392D /* RidesView.swift */; };
		C100010A2A9D43760026392D /* RideCardView.swift in Sources */ = {isa = PBXBuildFile; fileRef = C10001092A9D43760026392D /* RideCardView.swift */; };
		C100010C2A9D43760026392D /* AttractionSectionView.swift in Sources */ = {isa = PBXBuildFile; fileRef = C100010B2A9D43760026392D /* AttractionSectionView.swift */; };
		C10001302A9D43760026392D /* SharedStores.swift in Sources */ = {isa = PBXBuildFile; fileRef = C10001202A9D43760026392D /* SharedStores.swift */; };
		C10001312A9D43760026392D /* ParkActivityAttributes.swift in Sources */ = {isa = PBXBuildFile; fileRef = C10001212A9D43760026392D /* ParkActivityAttributes.swift */; };
		C10001322A9D43760026392D /* WaitAlertManager.swift in Sources */ = {isa = PBXBuildFile; fileRef = C10001222A9D43760026392D /* WaitAlertManager.swift */; };
		C10001332A9D43760026392D /* LiveActivityController.swift in Sources */ = {isa = PBXBuildFile; fileRef = C10001232A9D43760026392D /* LiveActivityController.swift */; };
		C10001342A9D43760026392D /* DestinationsView.swift in Sources */ = {isa = PBXBuildFile; fileRef = C10001242A9D43760026392D /* DestinationsView.swift */; };
		C10001352A9D43760026392D /* ParkMapView.swift in Sources */ = {isa = PBXBuildFile; fileRef = C10001252A9D43760026392D /* ParkMapView.swift */; };
		C100010E2A9D43760026392D /* Theme.swift in Sources */ = {isa = PBXBuildFile; fileRef = C100010D2A9D43760026392D /* Theme.swift */; };
		C10001102A9D43760026392D /* RideDetailView.swift in Sources */ = {isa = PBXBuildFile; fileRef = C100010F2A9D43760026392D /* RideDetailView.swift */; };
		C10001502A9D43760026392D /* ParkTimesWidgetsBundle.swift in Sources */ = {isa = PBXBuildFile; fileRef = C10001412A9D43760026392D /* ParkTimesWidgetsBundle.swift */; };
		C10001512A9D43760026392D /* FavoritesWidget.swift in Sources */ = {isa = PBXBuildFile; fileRef = C10001422A9D43760026392D /* FavoritesWidget.swift */; };
		C10001522A9D43760026392D /* ParkActivityWidget.swift in Sources */ = {isa = PBXBuildFile; fileRef = C10001432A9D43760026392D /* ParkActivityWidget.swift */; };
		C10001532A9D43760026392D /* Models.swift in Sources */ = {isa = PBXBuildFile; fileRef = C10001012A9D43760026392D /* Models.swift */; };
		C10001542A9D43760026392D /* ParkService.swift in Sources */ = {isa = PBXBuildFile; fileRef = C10001032A9D43760026392D /* ParkService.swift */; };
		C10001552A9D43760026392D /* SharedStores.swift in Sources */ = {isa = PBXBuildFile; fileRef = C10001202A9D43760026392D /* SharedStores.swift */; };
		C10001562A9D43760026392D /* ParkActivityAttributes.swift in Sources */ = {isa = PBXBuildFile; fileRef = C10001212A9D43760026392D /* ParkActivityAttributes.swift */; };
		C10001572A9D43760026392D /* Theme.swift in Sources */ = {isa = PBXBuildFile; fileRef = C100010D2A9D43760026392D /* Theme.swift */; };
		C10001582A9D43760026392D /* ParkTimesWidgets.appex in Embed Foundation Extensions */ = {isa = PBXBuildFile; fileRef = C10001402A9D43760026392D /* ParkTimesWidgets.appex */; settings = {ATTRIBUTES = (RemoveHeadersOnCopy, ); }; };
		C10001732A9D43760026392D /* ParkTimesTests.swift in Sources */ = {isa = PBXBuildFile; fileRef = C10001712A9D43760026392D /* ParkTimesTests.swift */; };
		C10001812A9D43760026392D /* AboutView.swift in Sources */ = {isa = PBXBuildFile; fileRef = C10001802A9D43760026392D /* AboutView.swift */; };
		C10001832A9D43760026392D /* PrivacyInfo.xcprivacy in Resources */ = {isa = PBXBuildFile; fileRef = C10001822A9D43760026392D /* PrivacyInfo.xcprivacy */; };
		C10001852A9D43760026392D /* PrivacyInfo.xcprivacy in Resources */ = {isa = PBXBuildFile; fileRef = C10001842A9D43760026392D /* PrivacyInfo.xcprivacy */; };
/* End PBXBuildFile section */

/* Begin PBXFileReference section */
		2354C3B82A9D43760026392D /* ParkTimes.app */ = {isa = PBXFileReference; explicitFileType = wrapper.application; includeInIndex = 0; path = ParkTimes.app; sourceTree = BUILT_PRODUCTS_DIR; };
		2354C3BB2A9D43760026392D /* ParkTimesApp.swift */ = {isa = PBXFileReference; lastKnownFileType = sourcecode.swift; path = ParkTimesApp.swift; sourceTree = "<group>"; };
		2354C3BD2A9D43760026392D /* ContentView.swift */ = {isa = PBXFileReference; lastKnownFileType = sourcecode.swift; path = ContentView.swift; sourceTree = "<group>"; };
		2354C3BF2A9D43780026392D /* Assets.xcassets */ = {isa = PBXFileReference; lastKnownFileType = folder.assetcatalog; path = Assets.xcassets; sourceTree = "<group>"; };
		2354C3C22A9D43780026392D /* Preview Assets.xcassets */ = {isa = PBXFileReference; lastKnownFileType = folder.assetcatalog; path = "Preview Assets.xcassets"; sourceTree = "<group>"; };
		C10001012A9D43760026392D /* Models.swift */ = {isa = PBXFileReference; lastKnownFileType = sourcecode.swift; path = Models.swift; sourceTree = "<group>"; };
		C10001032A9D43760026392D /* ParkService.swift */ = {isa = PBXFileReference; lastKnownFileType = sourcecode.swift; path = ParkService.swift; sourceTree = "<group>"; };
		C10001052A9D43760026392D /* ParkCardView.swift */ = {isa = PBXFileReference; lastKnownFileType = sourcecode.swift; path = ParkCardView.swift; sourceTree = "<group>"; };
		C10001072A9D43760026392D /* RidesView.swift */ = {isa = PBXFileReference; lastKnownFileType = sourcecode.swift; path = RidesView.swift; sourceTree = "<group>"; };
		C10001092A9D43760026392D /* RideCardView.swift */ = {isa = PBXFileReference; lastKnownFileType = sourcecode.swift; path = RideCardView.swift; sourceTree = "<group>"; };
		C100010B2A9D43760026392D /* AttractionSectionView.swift */ = {isa = PBXFileReference; lastKnownFileType = sourcecode.swift; path = AttractionSectionView.swift; sourceTree = "<group>"; };
		C10001202A9D43760026392D /* SharedStores.swift */ = {isa = PBXFileReference; lastKnownFileType = sourcecode.swift; path = SharedStores.swift; sourceTree = "<group>"; };
		C10001212A9D43760026392D /* ParkActivityAttributes.swift */ = {isa = PBXFileReference; lastKnownFileType = sourcecode.swift; path = ParkActivityAttributes.swift; sourceTree = "<group>"; };
		C10001222A9D43760026392D /* WaitAlertManager.swift */ = {isa = PBXFileReference; lastKnownFileType = sourcecode.swift; path = WaitAlertManager.swift; sourceTree = "<group>"; };
		C10001232A9D43760026392D /* LiveActivityController.swift */ = {isa = PBXFileReference; lastKnownFileType = sourcecode.swift; path = LiveActivityController.swift; sourceTree = "<group>"; };
		C10001242A9D43760026392D /* DestinationsView.swift */ = {isa = PBXFileReference; lastKnownFileType = sourcecode.swift; path = DestinationsView.swift; sourceTree = "<group>"; };
		C10001252A9D43760026392D /* ParkMapView.swift */ = {isa = PBXFileReference; lastKnownFileType = sourcecode.swift; path = ParkMapView.swift; sourceTree = "<group>"; };
		C10001262A9D43760026392D /* Info.plist */ = {isa = PBXFileReference; lastKnownFileType = text.plist.xml; path = Info.plist; sourceTree = "<group>"; };
		C10001272A9D43760026392D /* ParkTimes.entitlements */ = {isa = PBXFileReference; lastKnownFileType = text.plist.entitlements; path = ParkTimes.entitlements; sourceTree = "<group>"; };
		C100010D2A9D43760026392D /* Theme.swift */ = {isa = PBXFileReference; lastKnownFileType = sourcecode.swift; path = Theme.swift; sourceTree = "<group>"; };
		C100010F2A9D43760026392D /* RideDetailView.swift */ = {isa = PBXFileReference; lastKnownFileType = sourcecode.swift; path = RideDetailView.swift; sourceTree = "<group>"; };
		C10001402A9D43760026392D /* ParkTimesWidgets.appex */ = {isa = PBXFileReference; explicitFileType = "wrapper.app-extension"; includeInIndex = 0; path = ParkTimesWidgets.appex; sourceTree = BUILT_PRODUCTS_DIR; };
		C10001412A9D43760026392D /* ParkTimesWidgetsBundle.swift */ = {isa = PBXFileReference; lastKnownFileType = sourcecode.swift; path = ParkTimesWidgetsBundle.swift; sourceTree = "<group>"; };
		C10001422A9D43760026392D /* FavoritesWidget.swift */ = {isa = PBXFileReference; lastKnownFileType = sourcecode.swift; path = FavoritesWidget.swift; sourceTree = "<group>"; };
		C10001432A9D43760026392D /* ParkActivityWidget.swift */ = {isa = PBXFileReference; lastKnownFileType = sourcecode.swift; path = ParkActivityWidget.swift; sourceTree = "<group>"; };
		C10001442A9D43760026392D /* Info.plist */ = {isa = PBXFileReference; lastKnownFileType = text.plist.xml; path = Info.plist; sourceTree = "<group>"; };
		C10001452A9D43760026392D /* ParkTimesWidgets.entitlements */ = {isa = PBXFileReference; lastKnownFileType = text.plist.entitlements; path = ParkTimesWidgets.entitlements; sourceTree = "<group>"; };
		C10001712A9D43760026392D /* ParkTimesTests.swift */ = {isa = PBXFileReference; lastKnownFileType = sourcecode.swift; path = ParkTimesTests.swift; sourceTree = "<group>"; };
		C10001742A9D43760026392D /* ParkTimesTests.xctest */ = {isa = PBXFileReference; explicitFileType = wrapper.cfbundle; includeInIndex = 0; path = ParkTimesTests.xctest; sourceTree = BUILT_PRODUCTS_DIR; };
		C10001802A9D43760026392D /* AboutView.swift */ = {isa = PBXFileReference; lastKnownFileType = sourcecode.swift; path = AboutView.swift; sourceTree = "<group>"; };
		C10001822A9D43760026392D /* PrivacyInfo.xcprivacy */ = {isa = PBXFileReference; lastKnownFileType = text.xml; path = PrivacyInfo.xcprivacy; sourceTree = "<group>"; };
		C10001842A9D43760026392D /* PrivacyInfo.xcprivacy */ = {isa = PBXFileReference; lastKnownFileType = text.xml; path = PrivacyInfo.xcprivacy; sourceTree = "<group>"; };
/* End PBXFileReference section */

/* Begin PBXContainerItemProxy section */
		C10001652A9D43760026392D /* PBXContainerItemProxy */ = {
			isa = PBXContainerItemProxy;
			containerPortal = 2354C3B02A9D43760026392D /* Project object */;
			proxyType = 1;
			remoteGlobalIDString = C10001602A9D43760026392D;
			remoteInfo = ParkTimesWidgets;
		};
		C10001792A9D43760026392D /* PBXContainerItemProxy */ = {
			isa = PBXContainerItemProxy;
			containerPortal = 2354C3B02A9D43760026392D /* Project object */;
			proxyType = 1;
			remoteGlobalIDString = 2354C3B72A9D43760026392D;
			remoteInfo = ParkTimes;
		};
/* End PBXContainerItemProxy section */

/* Begin PBXCopyFilesBuildPhase section */
		C10001642A9D43760026392D /* Embed Foundation Extensions */ = {
			isa = PBXCopyFilesBuildPhase;
			buildActionMask = 2147483647;
			dstPath = "";
			dstSubfolderSpec = 13;
			files = (
				C10001582A9D43760026392D /* ParkTimesWidgets.appex in Embed Foundation Extensions */,
			);
			name = "Embed Foundation Extensions";
			runOnlyForDeploymentPostprocessing = 0;
		};
/* End PBXCopyFilesBuildPhase section */

/* Begin PBXFrameworksBuildPhase section */
		2354C3B52A9D43760026392D /* Frameworks */ = {
			isa = PBXFrameworksBuildPhase;
			buildActionMask = 2147483647;
			files = (
			);
			runOnlyForDeploymentPostprocessing = 0;
		};
		C10001622A9D43760026392D /* Frameworks */ = {
			isa = PBXFrameworksBuildPhase;
			buildActionMask = 2147483647;
			files = (
			);
			runOnlyForDeploymentPostprocessing = 0;
		};
		C10001772A9D43760026392D /* Frameworks */ = {
			isa = PBXFrameworksBuildPhase;
			buildActionMask = 2147483647;
			files = (
			);
			runOnlyForDeploymentPostprocessing = 0;
		};
/* End PBXFrameworksBuildPhase section */

/* Begin PBXGroup section */
		2354C3AF2A9D43760026392D = {
			isa = PBXGroup;
			children = (
				2354C3BA2A9D43760026392D /* ParkTimes */,
				C10001462A9D43760026392D /* ParkTimesWidgets */,
				C10001722A9D43760026392D /* ParkTimesTests */,
				2354C3B92A9D43760026392D /* Products */,
			);
			sourceTree = "<group>";
		};
		2354C3B92A9D43760026392D /* Products */ = {
			isa = PBXGroup;
			children = (
				2354C3B82A9D43760026392D /* ParkTimes.app */,
				C10001402A9D43760026392D /* ParkTimesWidgets.appex */,
				C10001742A9D43760026392D /* ParkTimesTests.xctest */,
			);
			name = Products;
			sourceTree = "<group>";
		};
		2354C3BA2A9D43760026392D /* ParkTimes */ = {
			isa = PBXGroup;
			children = (
				2354C3BB2A9D43760026392D /* ParkTimesApp.swift */,
				C10001012A9D43760026392D /* Models.swift */,
				C10001032A9D43760026392D /* ParkService.swift */,
				C10001202A9D43760026392D /* SharedStores.swift */,
				C10001212A9D43760026392D /* ParkActivityAttributes.swift */,
				C10001222A9D43760026392D /* WaitAlertManager.swift */,
				C10001232A9D43760026392D /* LiveActivityController.swift */,
				2354C3BD2A9D43760026392D /* ContentView.swift */,
				C10001052A9D43760026392D /* ParkCardView.swift */,
				C10001242A9D43760026392D /* DestinationsView.swift */,
				C10001802A9D43760026392D /* AboutView.swift */,
				C10001822A9D43760026392D /* PrivacyInfo.xcprivacy */,
				C10001072A9D43760026392D /* RidesView.swift */,
				C10001092A9D43760026392D /* RideCardView.swift */,
				C100010B2A9D43760026392D /* AttractionSectionView.swift */,
				C10001252A9D43760026392D /* ParkMapView.swift */,
				C100010D2A9D43760026392D /* Theme.swift */,
				C100010F2A9D43760026392D /* RideDetailView.swift */,
				C10001262A9D43760026392D /* Info.plist */,
				C10001272A9D43760026392D /* ParkTimes.entitlements */,
				2354C3BF2A9D43780026392D /* Assets.xcassets */,
				2354C3C12A9D43780026392D /* Preview Content */,
			);
			path = ParkTimes;
			sourceTree = "<group>";
		};
		2354C3C12A9D43780026392D /* Preview Content */ = {
			isa = PBXGroup;
			children = (
				2354C3C22A9D43780026392D /* Preview Assets.xcassets */,
			);
			path = "Preview Content";
			sourceTree = "<group>";
		};
		C10001462A9D43760026392D /* ParkTimesWidgets */ = {
			isa = PBXGroup;
			children = (
				C10001412A9D43760026392D /* ParkTimesWidgetsBundle.swift */,
				C10001422A9D43760026392D /* FavoritesWidget.swift */,
				C10001432A9D43760026392D /* ParkActivityWidget.swift */,
				C10001442A9D43760026392D /* Info.plist */,
				C10001452A9D43760026392D /* ParkTimesWidgets.entitlements */,
				C10001842A9D43760026392D /* PrivacyInfo.xcprivacy */,
			);
			path = ParkTimesWidgets;
			sourceTree = "<group>";
		};
		C10001722A9D43760026392D /* ParkTimesTests */ = {
			isa = PBXGroup;
			children = (
				C10001712A9D43760026392D /* ParkTimesTests.swift */,
			);
			path = ParkTimesTests;
			sourceTree = "<group>";
		};
/* End PBXGroup section */

/* Begin PBXNativeTarget section */
		2354C3B72A9D43760026392D /* ParkTimes */ = {
			isa = PBXNativeTarget;
			buildConfigurationList = 2354C3C62A9D43780026392D /* Build configuration list for PBXNativeTarget "ParkTimes" */;
			buildPhases = (
				2354C3B42A9D43760026392D /* Sources */,
				2354C3B52A9D43760026392D /* Frameworks */,
				2354C3B62A9D43760026392D /* Resources */,
				C10001642A9D43760026392D /* Embed Foundation Extensions */,
			);
			buildRules = (
			);
			dependencies = (
				C10001662A9D43760026392D /* PBXTargetDependency */,
			);
			name = ParkTimes;
			productName = ParkTimes;
			productReference = 2354C3B82A9D43760026392D /* ParkTimes.app */;
			productType = "com.apple.product-type.application";
		};
		C10001602A9D43760026392D /* ParkTimesWidgets */ = {
			isa = PBXNativeTarget;
			buildConfigurationList = C10001692A9D43760026392D /* Build configuration list for PBXNativeTarget "ParkTimesWidgets" */;
			buildPhases = (
				C10001612A9D43760026392D /* Sources */,
				C10001622A9D43760026392D /* Frameworks */,
				C10001632A9D43760026392D /* Resources */,
			);
			buildRules = (
			);
			dependencies = (
			);
			name = ParkTimesWidgets;
			productName = ParkTimesWidgets;
			productReference = C10001402A9D43760026392D /* ParkTimesWidgets.appex */;
			productType = "com.apple.product-type.app-extension";
		};
		C10001752A9D43760026392D /* ParkTimesTests */ = {
			isa = PBXNativeTarget;
			buildConfigurationList = C100017D2A9D43760026392D /* Build configuration list for PBXNativeTarget "ParkTimesTests" */;
			buildPhases = (
				C10001762A9D43760026392D /* Sources */,
				C10001772A9D43760026392D /* Frameworks */,
				C10001782A9D43760026392D /* Resources */,
			);
			buildRules = (
			);
			dependencies = (
				C100017A2A9D43760026392D /* PBXTargetDependency */,
			);
			name = ParkTimesTests;
			productName = ParkTimesTests;
			productReference = C10001742A9D43760026392D /* ParkTimesTests.xctest */;
			productType = "com.apple.product-type.bundle.unit-test";
		};
/* End PBXNativeTarget section */

/* Begin PBXProject section */
		2354C3B02A9D43760026392D /* Project object */ = {
			isa = PBXProject;
			attributes = {
				BuildIndependentTargetsInParallel = 1;
				LastSwiftUpdateCheck = 1430;
				LastUpgradeCheck = 1430;
				TargetAttributes = {
					2354C3B72A9D43760026392D = {
						CreatedOnToolsVersion = 14.3.1;
					};
					C10001602A9D43760026392D = {
						CreatedOnToolsVersion = 14.3.1;
					};
					C10001752A9D43760026392D = {
						CreatedOnToolsVersion = 14.3.1;
						TestTargetID = 2354C3B72A9D43760026392D;
					};
				};
			};
			buildConfigurationList = 2354C3B32A9D43760026392D /* Build configuration list for PBXProject "ParkTimes" */;
			compatibilityVersion = "Xcode 14.0";
			developmentRegion = en;
			hasScannedForEncodings = 0;
			knownRegions = (
				en,
				Base,
			);
			mainGroup = 2354C3AF2A9D43760026392D;
			productRefGroup = 2354C3B92A9D43760026392D /* Products */;
			projectDirPath = "";
			projectRoot = "";
			targets = (
				2354C3B72A9D43760026392D /* ParkTimes */,
				C10001602A9D43760026392D /* ParkTimesWidgets */,
				C10001752A9D43760026392D /* ParkTimesTests */,
			);
		};
/* End PBXProject section */

/* Begin PBXResourcesBuildPhase section */
		2354C3B62A9D43760026392D /* Resources */ = {
			isa = PBXResourcesBuildPhase;
			buildActionMask = 2147483647;
			files = (
				2354C3C32A9D43780026392D /* Preview Assets.xcassets in Resources */,
				2354C3C02A9D43780026392D /* Assets.xcassets in Resources */,
				C10001832A9D43760026392D /* PrivacyInfo.xcprivacy in Resources */,
			);
			runOnlyForDeploymentPostprocessing = 0;
		};
		C10001632A9D43760026392D /* Resources */ = {
			isa = PBXResourcesBuildPhase;
			buildActionMask = 2147483647;
			files = (
				C10001852A9D43760026392D /* PrivacyInfo.xcprivacy in Resources */,
			);
			runOnlyForDeploymentPostprocessing = 0;
		};
		C10001782A9D43760026392D /* Resources */ = {
			isa = PBXResourcesBuildPhase;
			buildActionMask = 2147483647;
			files = (
			);
			runOnlyForDeploymentPostprocessing = 0;
		};
/* End PBXResourcesBuildPhase section */

/* Begin PBXSourcesBuildPhase section */
		2354C3B42A9D43760026392D /* Sources */ = {
			isa = PBXSourcesBuildPhase;
			buildActionMask = 2147483647;
			files = (
				2354C3BE2A9D43760026392D /* ContentView.swift in Sources */,
				2354C3BC2A9D43760026392D /* ParkTimesApp.swift in Sources */,
				C10001022A9D43760026392D /* Models.swift in Sources */,
				C10001042A9D43760026392D /* ParkService.swift in Sources */,
				C10001062A9D43760026392D /* ParkCardView.swift in Sources */,
				C10001082A9D43760026392D /* RidesView.swift in Sources */,
				C100010A2A9D43760026392D /* RideCardView.swift in Sources */,
				C100010C2A9D43760026392D /* AttractionSectionView.swift in Sources */,
				C100010E2A9D43760026392D /* Theme.swift in Sources */,
				C10001102A9D43760026392D /* RideDetailView.swift in Sources */,
				C10001302A9D43760026392D /* SharedStores.swift in Sources */,
				C10001312A9D43760026392D /* ParkActivityAttributes.swift in Sources */,
				C10001322A9D43760026392D /* WaitAlertManager.swift in Sources */,
				C10001332A9D43760026392D /* LiveActivityController.swift in Sources */,
				C10001342A9D43760026392D /* DestinationsView.swift in Sources */,
				C10001352A9D43760026392D /* ParkMapView.swift in Sources */,
				C10001812A9D43760026392D /* AboutView.swift in Sources */,
			);
			runOnlyForDeploymentPostprocessing = 0;
		};
		C10001612A9D43760026392D /* Sources */ = {
			isa = PBXSourcesBuildPhase;
			buildActionMask = 2147483647;
			files = (
				C10001502A9D43760026392D /* ParkTimesWidgetsBundle.swift in Sources */,
				C10001512A9D43760026392D /* FavoritesWidget.swift in Sources */,
				C10001522A9D43760026392D /* ParkActivityWidget.swift in Sources */,
				C10001532A9D43760026392D /* Models.swift in Sources */,
				C10001542A9D43760026392D /* ParkService.swift in Sources */,
				C10001552A9D43760026392D /* SharedStores.swift in Sources */,
				C10001562A9D43760026392D /* ParkActivityAttributes.swift in Sources */,
				C10001572A9D43760026392D /* Theme.swift in Sources */,
			);
			runOnlyForDeploymentPostprocessing = 0;
		};
		C10001762A9D43760026392D /* Sources */ = {
			isa = PBXSourcesBuildPhase;
			buildActionMask = 2147483647;
			files = (
				C10001732A9D43760026392D /* ParkTimesTests.swift in Sources */,
			);
			runOnlyForDeploymentPostprocessing = 0;
		};
/* End PBXSourcesBuildPhase section */

/* Begin PBXTargetDependency section */
		C10001662A9D43760026392D /* PBXTargetDependency */ = {
			isa = PBXTargetDependency;
			target = C10001602A9D43760026392D /* ParkTimesWidgets */;
			targetProxy = C10001652A9D43760026392D /* PBXContainerItemProxy */;
		};
		C100017A2A9D43760026392D /* PBXTargetDependency */ = {
			isa = PBXTargetDependency;
			target = 2354C3B72A9D43760026392D /* ParkTimes */;
			targetProxy = C10001792A9D43760026392D /* PBXContainerItemProxy */;
		};
/* End PBXTargetDependency section */

/* Begin XCBuildConfiguration section */
		2354C3C42A9D43780026392D /* Debug */ = {
			isa = XCBuildConfiguration;
			buildSettings = {
				ALWAYS_SEARCH_USER_PATHS = NO;
				CLANG_ANALYZER_NONNULL = YES;
				CLANG_ANALYZER_NUMBER_OBJECT_CONVERSION = YES_AGGRESSIVE;
				CLANG_CXX_LANGUAGE_STANDARD = "gnu++20";
				CLANG_ENABLE_MODULES = YES;
				CLANG_ENABLE_OBJC_ARC = YES;
				CLANG_ENABLE_OBJC_WEAK = YES;
				CLANG_WARN_BLOCK_CAPTURE_AUTORELEASING = YES;
				CLANG_WARN_BOOL_CONVERSION = YES;
				CLANG_WARN_COMMA = YES;
				CLANG_WARN_CONSTANT_CONVERSION = YES;
				CLANG_WARN_DEPRECATED_OBJC_IMPLEMENTATIONS = YES;
				CLANG_WARN_DIRECT_OBJC_ISA_USAGE = YES_ERROR;
				CLANG_WARN_DOCUMENTATION_COMMENTS = YES;
				CLANG_WARN_EMPTY_BODY = YES;
				CLANG_WARN_ENUM_CONVERSION = YES;
				CLANG_WARN_INFINITE_RECURSION = YES;
				CLANG_WARN_INT_CONVERSION = YES;
				CLANG_WARN_NON_LITERAL_NULL_CONVERSION = YES;
				CLANG_WARN_OBJC_IMPLICIT_RETAIN_SELF = YES;
				CLANG_WARN_OBJC_LITERAL_CONVERSION = YES;
				CLANG_WARN_OBJC_ROOT_CLASS = YES_ERROR;
				CLANG_WARN_QUOTED_INCLUDE_IN_FRAMEWORK_HEADER = YES;
				CLANG_WARN_RANGE_LOOP_ANALYSIS = YES;
				CLANG_WARN_STRICT_PROTOTYPES = YES;
				CLANG_WARN_SUSPICIOUS_MOVE = YES;
				CLANG_WARN_UNGUARDED_AVAILABILITY = YES_AGGRESSIVE;
				CLANG_WARN_UNREACHABLE_CODE = YES;
				CLANG_WARN__DUPLICATE_METHOD_MATCH = YES;
				COPY_PHASE_STRIP = NO;
				DEBUG_INFORMATION_FORMAT = dwarf;
				ENABLE_STRICT_OBJC_MSGSEND = YES;
				ENABLE_TESTABILITY = YES;
				GCC_C_LANGUAGE_STANDARD = gnu11;
				GCC_DYNAMIC_NO_PIC = NO;
				GCC_NO_COMMON_BLOCKS = YES;
				GCC_OPTIMIZATION_LEVEL = 0;
				GCC_PREPROCESSOR_DEFINITIONS = (
					"DEBUG=1",
					"$(inherited)",
				);
				GCC_WARN_64_TO_32_BIT_CONVERSION = YES;
				GCC_WARN_ABOUT_RETURN_TYPE = YES_ERROR;
				GCC_WARN_UNDECLARED_SELECTOR = YES;
				GCC_WARN_UNINITIALIZED_AUTOS = YES_AGGRESSIVE;
				GCC_WARN_UNUSED_FUNCTION = YES;
				GCC_WARN_UNUSED_VARIABLE = YES;
				IPHONEOS_DEPLOYMENT_TARGET = 16.4;
				MTL_ENABLE_DEBUG_INFO = INCLUDE_SOURCE;
				MTL_FAST_MATH = YES;
				ONLY_ACTIVE_ARCH = YES;
				SDKROOT = iphoneos;
				SWIFT_ACTIVE_COMPILATION_CONDITIONS = DEBUG;
				SWIFT_OPTIMIZATION_LEVEL = "-Onone";
			};
			name = Debug;
		};
		2354C3C52A9D43780026392D /* Release */ = {
			isa = XCBuildConfiguration;
			buildSettings = {
				ALWAYS_SEARCH_USER_PATHS = NO;
				CLANG_ANALYZER_NONNULL = YES;
				CLANG_ANALYZER_NUMBER_OBJECT_CONVERSION = YES_AGGRESSIVE;
				CLANG_CXX_LANGUAGE_STANDARD = "gnu++20";
				CLANG_ENABLE_MODULES = YES;
				CLANG_ENABLE_OBJC_ARC = YES;
				CLANG_ENABLE_OBJC_WEAK = YES;
				CLANG_WARN_BLOCK_CAPTURE_AUTORELEASING = YES;
				CLANG_WARN_BOOL_CONVERSION = YES;
				CLANG_WARN_COMMA = YES;
				CLANG_WARN_CONSTANT_CONVERSION = YES;
				CLANG_WARN_DEPRECATED_OBJC_IMPLEMENTATIONS = YES;
				CLANG_WARN_DIRECT_OBJC_ISA_USAGE = YES_ERROR;
				CLANG_WARN_DOCUMENTATION_COMMENTS = YES;
				CLANG_WARN_EMPTY_BODY = YES;
				CLANG_WARN_ENUM_CONVERSION = YES;
				CLANG_WARN_INFINITE_RECURSION = YES;
				CLANG_WARN_INT_CONVERSION = YES;
				CLANG_WARN_NON_LITERAL_NULL_CONVERSION = YES;
				CLANG_WARN_OBJC_IMPLICIT_RETAIN_SELF = YES;
				CLANG_WARN_OBJC_LITERAL_CONVERSION = YES;
				CLANG_WARN_OBJC_ROOT_CLASS = YES_ERROR;
				CLANG_WARN_QUOTED_INCLUDE_IN_FRAMEWORK_HEADER = YES;
				CLANG_WARN_RANGE_LOOP_ANALYSIS = YES;
				CLANG_WARN_STRICT_PROTOTYPES = YES;
				CLANG_WARN_SUSPICIOUS_MOVE = YES;
				CLANG_WARN_UNGUARDED_AVAILABILITY = YES_AGGRESSIVE;
				CLANG_WARN_UNREACHABLE_CODE = YES;
				CLANG_WARN__DUPLICATE_METHOD_MATCH = YES;
				COPY_PHASE_STRIP = NO;
				DEBUG_INFORMATION_FORMAT = "dwarf-with-dsym";
				ENABLE_NS_ASSERTIONS = NO;
				ENABLE_STRICT_OBJC_MSGSEND = YES;
				GCC_C_LANGUAGE_STANDARD = gnu11;
				GCC_NO_COMMON_BLOCKS = YES;
				GCC_WARN_64_TO_32_BIT_CONVERSION = YES;
				GCC_WARN_ABOUT_RETURN_TYPE = YES_ERROR;
				GCC_WARN_UNDECLARED_SELECTOR = YES;
				GCC_WARN_UNINITIALIZED_AUTOS = YES_AGGRESSIVE;
				GCC_WARN_UNUSED_FUNCTION = YES;
				GCC_WARN_UNUSED_VARIABLE = YES;
				IPHONEOS_DEPLOYMENT_TARGET = 16.4;
				MTL_ENABLE_DEBUG_INFO = NO;
				MTL_FAST_MATH = YES;
				SDKROOT = iphoneos;
				SWIFT_COMPILATION_MODE = wholemodule;
				SWIFT_OPTIMIZATION_LEVEL = "-O";
				VALIDATE_PRODUCT = YES;
			};
			name = Release;
		};
		2354C3C72A9D43780026392D /* Debug */ = {
			isa = XCBuildConfiguration;
			buildSettings = {
				ASSETCATALOG_COMPILER_APPICON_NAME = AppIcon;
				ASSETCATALOG_COMPILER_GLOBAL_ACCENT_COLOR_NAME = AccentColor;
				CODE_SIGN_ENTITLEMENTS = ParkTimes/ParkTimes.entitlements;
				CODE_SIGN_STYLE = Automatic;
				CURRENT_PROJECT_VERSION = 1;
				DEVELOPMENT_ASSET_PATHS = "\"ParkTimes/Preview Content\"";
				DEVELOPMENT_TEAM = YFXZ6WNN53;
				ENABLE_PREVIEWS = YES;
				GENERATE_INFOPLIST_FILE = YES;
				INFOPLIST_FILE = ParkTimes/Info.plist;
				INFOPLIST_KEY_UIApplicationSceneManifest_Generation = YES;
				INFOPLIST_KEY_UIApplicationSupportsIndirectInputEvents = YES;
				INFOPLIST_KEY_NSLocationWhenInUseUsageDescription = "ParkTimes uses your location to show where you are relative to rides and attractions.";
				INFOPLIST_KEY_UILaunchScreen_Generation = YES;
				INFOPLIST_KEY_UISupportedInterfaceOrientations_iPad = "UIInterfaceOrientationPortrait UIInterfaceOrientationPortraitUpsideDown UIInterfaceOrientationLandscapeLeft UIInterfaceOrientationLandscapeRight";
				INFOPLIST_KEY_UISupportedInterfaceOrientations_iPhone = "UIInterfaceOrientationPortrait UIInterfaceOrientationLandscapeLeft UIInterfaceOrientationLandscapeRight";
				IPHONEOS_DEPLOYMENT_TARGET = 18.6;
				LD_RUNPATH_SEARCH_PATHS = (
					"$(inherited)",
					"@executable_path/Frameworks",
				);
				MARKETING_VERSION = 1.0;
				PRODUCT_BUNDLE_IDENTIFIER = co.brevinb.ParkTimes;
				PRODUCT_NAME = "$(TARGET_NAME)";
				SWIFT_EMIT_LOC_STRINGS = YES;
				SWIFT_VERSION = 5.0;
				TARGETED_DEVICE_FAMILY = "1,2";
			};
			name = Debug;
		};
		2354C3C82A9D43780026392D /* Release */ = {
			isa = XCBuildConfiguration;
			buildSettings = {
				ASSETCATALOG_COMPILER_APPICON_NAME = AppIcon;
				ASSETCATALOG_COMPILER_GLOBAL_ACCENT_COLOR_NAME = AccentColor;
				CODE_SIGN_ENTITLEMENTS = ParkTimes/ParkTimes.entitlements;
				CODE_SIGN_STYLE = Automatic;
				CURRENT_PROJECT_VERSION = 1;
				DEVELOPMENT_ASSET_PATHS = "\"ParkTimes/Preview Content\"";
				DEVELOPMENT_TEAM = YFXZ6WNN53;
				ENABLE_PREVIEWS = YES;
				GENERATE_INFOPLIST_FILE = YES;
				INFOPLIST_FILE = ParkTimes/Info.plist;
				INFOPLIST_KEY_NSLocationWhenInUseUsageDescription = "ParkTimes uses your location to show where you are relative to rides and attractions.";
				INFOPLIST_KEY_UIApplicationSceneManifest_Generation = YES;
				INFOPLIST_KEY_UIApplicationSupportsIndirectInputEvents = YES;
				INFOPLIST_KEY_UILaunchScreen_Generation = YES;
				INFOPLIST_KEY_UISupportedInterfaceOrientations_iPad = "UIInterfaceOrientationPortrait UIInterfaceOrientationPortraitUpsideDown UIInterfaceOrientationLandscapeLeft UIInterfaceOrientationLandscapeRight";
				INFOPLIST_KEY_UISupportedInterfaceOrientations_iPhone = "UIInterfaceOrientationPortrait UIInterfaceOrientationLandscapeLeft UIInterfaceOrientationLandscapeRight";
				IPHONEOS_DEPLOYMENT_TARGET = 18.6;
				LD_RUNPATH_SEARCH_PATHS = (
					"$(inherited)",
					"@executable_path/Frameworks",
				);
				MARKETING_VERSION = 1.0;
				PRODUCT_BUNDLE_IDENTIFIER = co.brevinb.ParkTimes;
				PRODUCT_NAME = "$(TARGET_NAME)";
				SWIFT_EMIT_LOC_STRINGS = YES;
				SWIFT_VERSION = 5.0;
				TARGETED_DEVICE_FAMILY = "1,2";
			};
			name = Release;
		};
		C10001672A9D43760026392D /* Debug */ = {
			isa = XCBuildConfiguration;
			buildSettings = {
				CODE_SIGN_ENTITLEMENTS = ParkTimesWidgets/ParkTimesWidgets.entitlements;
				CODE_SIGN_STYLE = Automatic;
				CURRENT_PROJECT_VERSION = 1;
				DEVELOPMENT_TEAM = YFXZ6WNN53;
				GENERATE_INFOPLIST_FILE = YES;
				INFOPLIST_FILE = ParkTimesWidgets/Info.plist;
				INFOPLIST_KEY_CFBundleDisplayName = ParkTimes;
				INFOPLIST_KEY_NSHumanReadableCopyright = "";
				IPHONEOS_DEPLOYMENT_TARGET = 18.6;
				LD_RUNPATH_SEARCH_PATHS = (
					"$(inherited)",
					"@executable_path/Frameworks",
					"@executable_path/../../Frameworks",
				);
				MARKETING_VERSION = 1.0;
				PRODUCT_BUNDLE_IDENTIFIER = co.brevinb.ParkTimes.Widgets;
				PRODUCT_NAME = "$(TARGET_NAME)";
				SKIP_INSTALL = YES;
				SWIFT_EMIT_LOC_STRINGS = YES;
				SWIFT_VERSION = 5.0;
				TARGETED_DEVICE_FAMILY = "1,2";
			};
			name = Debug;
		};
		C10001682A9D43760026392D /* Release */ = {
			isa = XCBuildConfiguration;
			buildSettings = {
				CODE_SIGN_ENTITLEMENTS = ParkTimesWidgets/ParkTimesWidgets.entitlements;
				CODE_SIGN_STYLE = Automatic;
				CURRENT_PROJECT_VERSION = 1;
				DEVELOPMENT_TEAM = YFXZ6WNN53;
				GENERATE_INFOPLIST_FILE = YES;
				INFOPLIST_FILE = ParkTimesWidgets/Info.plist;
				INFOPLIST_KEY_CFBundleDisplayName = ParkTimes;
				INFOPLIST_KEY_NSHumanReadableCopyright = "";
				IPHONEOS_DEPLOYMENT_TARGET = 18.6;
				LD_RUNPATH_SEARCH_PATHS = (
					"$(inherited)",
					"@executable_path/Frameworks",
					"@executable_path/../../Frameworks",
				);
				MARKETING_VERSION = 1.0;
				PRODUCT_BUNDLE_IDENTIFIER = co.brevinb.ParkTimes.Widgets;
				PRODUCT_NAME = "$(TARGET_NAME)";
				SKIP_INSTALL = YES;
				SWIFT_EMIT_LOC_STRINGS = YES;
				SWIFT_VERSION = 5.0;
				TARGETED_DEVICE_FAMILY = "1,2";
			};
			name = Release;
		};
		C100017B2A9D43760026392D /* Debug */ = {
			isa = XCBuildConfiguration;
			buildSettings = {
				BUNDLE_LOADER = "$(TEST_HOST)";
				CODE_SIGN_STYLE = Automatic;
				CURRENT_PROJECT_VERSION = 1;
				DEVELOPMENT_TEAM = YFXZ6WNN53;
				GENERATE_INFOPLIST_FILE = YES;
				IPHONEOS_DEPLOYMENT_TARGET = 18.6;
				MARKETING_VERSION = 1.0;
				PRODUCT_BUNDLE_IDENTIFIER = co.brevinb.ParkTimesTests;
				PRODUCT_NAME = "$(TARGET_NAME)";
				SWIFT_EMIT_LOC_STRINGS = NO;
				SWIFT_VERSION = 5.0;
				TARGETED_DEVICE_FAMILY = "1,2";
				TEST_HOST = "$(BUILT_PRODUCTS_DIR)/ParkTimes.app/$(BUNDLE_EXECUTABLE_FOLDER_PATH)/ParkTimes";
			};
			name = Debug;
		};
		C100017C2A9D43760026392D /* Release */ = {
			isa = XCBuildConfiguration;
			buildSettings = {
				BUNDLE_LOADER = "$(TEST_HOST)";
				CODE_SIGN_STYLE = Automatic;
				CURRENT_PROJECT_VERSION = 1;
				DEVELOPMENT_TEAM = YFXZ6WNN53;
				GENERATE_INFOPLIST_FILE = YES;
				IPHONEOS_DEPLOYMENT_TARGET = 18.6;
				MARKETING_VERSION = 1.0;
				PRODUCT_BUNDLE_IDENTIFIER = co.brevinb.ParkTimesTests;
				PRODUCT_NAME = "$(TARGET_NAME)";
				SWIFT_EMIT_LOC_STRINGS = NO;
				SWIFT_VERSION = 5.0;
				TARGETED_DEVICE_FAMILY = "1,2";
				TEST_HOST = "$(BUILT_PRODUCTS_DIR)/ParkTimes.app/$(BUNDLE_EXECUTABLE_FOLDER_PATH)/ParkTimes";
			};
			name = Release;
		};
/* End XCBuildConfiguration section */

/* Begin XCConfigurationList section */
		2354C3B32A9D43760026392D /* Build configuration list for PBXProject "ParkTimes" */ = {
			isa = XCConfigurationList;
			buildConfigurations = (
				2354C3C42A9D43780026392D /* Debug */,
				2354C3C52A9D43780026392D /* Release */,
			);
			defaultConfigurationIsVisible = 0;
			defaultConfigurationName = Release;
		};
		2354C3C62A9D43780026392D /* Build configuration list for PBXNativeTarget "ParkTimes" */ = {
			isa = XCConfigurationList;
			buildConfigurations = (
				2354C3C72A9D43780026392D /* Debug */,
				2354C3C82A9D43780026392D /* Release */,
			);
			defaultConfigurationIsVisible = 0;
			defaultConfigurationName = Release;
		};
		C10001692A9D43760026392D /* Build configuration list for PBXNativeTarget "ParkTimesWidgets" */ = {
			isa = XCConfigurationList;
			buildConfigurations = (
				C10001672A9D43760026392D /* Debug */,
				C10001682A9D43760026392D /* Release */,
			);
			defaultConfigurationIsVisible = 0;
			defaultConfigurationName = Release;
		};
		C100017D2A9D43760026392D /* Build configuration list for PBXNativeTarget "ParkTimesTests" */ = {
			isa = XCConfigurationList;
			buildConfigurations = (
				C100017B2A9D43760026392D /* Debug */,
				C100017C2A9D43760026392D /* Release */,
			);
			defaultConfigurationIsVisible = 0;
			defaultConfigurationName = Release;
		};
/* End XCConfigurationList section */
	};
	rootObject = 2354C3B02A9D43760026392D /* Project object */;
}
